
Microsoft Visual Studio Solution File, Format Version 12.00
# Visual Studio Version 17
VisualStudioVersion = 17.3.32811.315
MinimumVisualStudioVersion = 10.0.40219.1
Project("{FAE04EC0-301F-11D3-BF4B-00C04F79EFBC}") = "folderStructureApp", "folderStructureApp\folderStructureApp.csproj", "{55C4D658-5A55-403C-B6C3-70F495668109}"
EndProject
Global
	GlobalSection(SolutionConfigurationPlatforms) = preSolution
		Debug|Any CPU = Debug|Any CPU
		Release|Any CPU = Release|Any CPU
	EndGlobalSection
	GlobalSection(ProjectConfigurationPlatforms) = postSolution
		{55C4D658-5A55-403C-B6C3-70F495668109}.Debug|Any CPU.ActiveCfg = Debug|Any CPU
		{55C4D658-5A55-403C-B6C3-70F495668109}.Debug|Any CPU.Build.0 = Debug|Any CPU
		{55C4D658-5A55-403C-B6C3-70F495668109}.Release|Any CPU.ActiveCfg = Release|Any CPU
		{55C4D658-5A55-403C-B6C3-70F495668109}.Release|Any CPU.Build.0 = Release|Any CPU
	EndGlobalSection
	GlobalSection(SolutionProperties) = preSolution
		HideSolutionNode = FALSE
	EndGlobalSection
	GlobalSection(ExtensibilityGlobals) = postSolution
		SolutionGuid = {394867D6-0022-420D-81D1-A2A1ABD509D0}
	EndGlobalSection
EndGlobal
